{
    "name": "cve-2017-1000048",
    "version": "1.0.0",
    "lockfileVersion": 3,
    "requires": true,
    "packages": {
        "": {
            "name": "cve-2017-1000048",
            "version": "1.0.0",
            "license": "ISC",
            "dependencies": {
                "qs": "4.0.0"
            },
            "devDependencies": {}
        },
        "node_modules/qs": {
            "version": "4.0.0",
            "resolved": "https://registry.npmjs.org/qs/-/qs-4.0.0.tgz",
            "integrity": "sha512-8MPmJ83uBOPsQj5tQCv4g04/nTiY+d17yl9o3Bw73vC6XlEm2POIRRlOgWJ8i74bkGLII670cDJJZkgiZ2sIkg=="
        }
    }
}
